
Microsoft Visual Studio Solution File, Format Version 12.00
# Visual Studio Version 16
VisualStudioVersion = 16.0.30114.105
MinimumVisualStudioVersion = 10.0.40219.1
Project("{2150E333-8FDC-42A3-9474-1A3956D46DE8}") = "Problem Solving", "Problem Solving", "{6B6338BD-3329-4A95-A616-09623C7EB184}"
EndProject
Project("{2150E333-8FDC-42A3-9474-1A3956D46DE8}") = "Algorithms", "Algorithms", "{10C2F34A-8941-46A1-943D-D629FE4BAD96}"
EndProject
Project("{2150E333-8FDC-42A3-9474-1A3956D46DE8}") = "Warmup", "Warmup", "{88D2DFC2-6ADA-49E0-AFA5-B546AFBB1CBB}"
EndProject
Project("{2150E333-8FDC-42A3-9474-1A3956D46DE8}") = "Easy", "Easy", "{F3AA3847-4CC2-4E59-A302-5BC8CC8C9857}"
EndProject
Project("{9A19103F-16F7-4668-BE54-9A1E7A4F7556}") = "SolveMeFirst", "ProblemSolving\Algorithms\Warmup\Easy\SolveMeFirst\SolveMeFirst.csproj", "{02394CF2-68FC-46BE-B852-9192028C2288}"
EndProject
Project("{9A19103F-16F7-4668-BE54-9A1E7A4F7556}") = "SimpleArraySum", "ProblemSolving\Algorithms\Warmup\Easy\SimpleArraySum\SimpleArraySum.csproj", "{31F216C9-F6BF-409D-BCAE-F1CB567A2705}"
EndProject
Project("{9A19103F-16F7-4668-BE54-9A1E7A4F7556}") = "CompareTheTriplets", "ProblemSolving\Algorithms\Warmup\Easy\CompareTheTriplets\CompareTheTriplets.csproj", "{8B8D5A52-8A66-4D88-942A-17C0C18EC57D}"
EndProject
Project("{9A19103F-16F7-4668-BE54-9A1E7A4F7556}") = "AVeryBigSum", "ProblemSolving\Algorithms\Warmup\Easy\AVeryBigSum\AVeryBigSum.csproj", "{5E342664-E2F0-4192-A5C7-DF88A296ADC5}"
EndProject
Project("{9A19103F-16F7-4668-BE54-9A1E7A4F7556}") = "DiagonalDifference", "ProblemSolving\Algorithms\Warmup\Easy\DiagonalDifference\DiagonalDifference.csproj", "{1127EEF3-A42C-43A9-96AA-2B98E31C0CA3}"
EndProject
Project("{2150E333-8FDC-42A3-9474-1A3956D46DE8}") = "Implementation", "Implementation", "{06349C33-EE9E-4AA0-9A2C-99D8199D1F69}"
EndProject
Project("{2150E333-8FDC-42A3-9474-1A3956D46DE8}") = "Easy", "Easy", "{C2D20F10-CAB0-4CCD-B248-A28318C5644F}"
EndProject
Project("{9A19103F-16F7-4668-BE54-9A1E7A4F7556}") = "SockMerchant", "ProblemSolving\Algorithms\Implementation\Easy\SockMerchant\SockMerchant.csproj", "{ABA75953-3BAC-4D30-9A25-938A3730FEBD}"
EndProject
Project("{9A19103F-16F7-4668-BE54-9A1E7A4F7556}") = "RepeatedString", "ProblemSolving\Algorithms\Implementation\Easy\RepeatedString\RepeatedString.csproj", "{C6F5F15B-2626-4BC2-B7CA-1BFD8CBB4C5A}"
EndProject
Project("{9A19103F-16F7-4668-BE54-9A1E7A4F7556}") = "CountingValleys", "ProblemSolving\Algorithms\Implementation\Easy\CountingValleys\CountingValleys.csproj", "{475299A0-1B32-4410-B26C-3D9ED136F383}"
EndProject
Project("{9A19103F-16F7-4668-BE54-9A1E7A4F7556}") = "JumpingOnTheClouds", "ProblemSolving\Algorithms\Implementation\Easy\JumpingOnTheClouds\JumpingOnTheClouds.csproj", "{D6FBB97F-8808-4D43-AA02-4C40E3F8E42C}"
EndProject
Project("{2150E333-8FDC-42A3-9474-1A3956D46DE8}") = "Strings", "Strings", "{4971887B-0379-4A29-8EF7-38E8DE06628D}"
EndProject
Project("{2150E333-8FDC-42A3-9474-1A3956D46DE8}") = "Easy", "Easy", "{9FD67621-4168-4182-ACD0-606B7341BCE2}"
EndProject
Project("{9A19103F-16F7-4668-BE54-9A1E7A4F7556}") = "AlternatingCharacters", "ProblemSolving\Algorithms\Strings\Easy\AlternatingCharacters\AlternatingCharacters.csproj", "{7FBEDB4E-B8B4-47CF-96D1-3DF7B31D469A}"
EndProject
Project("{9A19103F-16F7-4668-BE54-9A1E7A4F7556}") = "TwoStrings", "ProblemSolving\Algorithms\Strings\Easy\TwoStrings\TwoStrings.csproj", "{4D3ABDF9-C11D-45F8-B2C3-F46DFCDE14D1}"
EndProject
Project("{2150E333-8FDC-42A3-9474-1A3956D46DE8}") = "Medium", "Medium", "{FFF3D8E5-D06D-4456-AD4D-D7A5FD57162B}"
EndProject
Project("{9A19103F-16F7-4668-BE54-9A1E7A4F7556}") = "SherlockAndTheValidString", "ProblemSolving\Algorithms\Strings\Medium\SherlockAndTheValidString\SherlockAndTheValidString.csproj", "{B4F115DB-8F81-4C88-8118-159FEBDB2A67}"
EndProject
Project("{9A19103F-16F7-4668-BE54-9A1E7A4F7556}") = "SherlockAndAnagrams", "ProblemSolving\Algorithms\Strings\Medium\SherlockAndAnagrams\SherlockAndAnagrams.csproj", "{8BE35CEE-62F8-4C18-B289-ADBA9FF22106}"
EndProject
Project("{2150E333-8FDC-42A3-9474-1A3956D46DE8}") = "Greedy", "Greedy", "{89BE498C-545F-40CD-BBD5-9E9DDC8251B1}"
EndProject
Project("{2150E333-8FDC-42A3-9474-1A3956D46DE8}") = "Easy", "Easy", "{EA50DD3E-AB93-43B1-AF71-891CD7D2A4CE}"
EndProject
Project("{9A19103F-16F7-4668-BE54-9A1E7A4F7556}") = "MarkAndToys", "ProblemSolving\Algorithms\Greedy\Easy\MarkAndToys\MarkAndToys.csproj", "{19CDB5B2-7DA6-4995-9440-CB0CE7445BB2}"
EndProject
Project("{2150E333-8FDC-42A3-9474-1A3956D46DE8}") = "Constructive Algorithms", "Constructive Algorithms", "{847604ED-33D4-4640-B0F7-C5D360B3B18F}"
EndProject
Project("{2150E333-8FDC-42A3-9474-1A3956D46DE8}") = "Medium", "Medium", "{DDFD0BE5-D1AE-4323-A0C1-2135DFB80782}"
EndProject
Project("{9A19103F-16F7-4668-BE54-9A1E7A4F7556}") = "NewYearChaos", "ProblemSolving\Algorithms\ConstructiveAlgorithms\Medium\NewYearChaos\NewYearChaos.csproj", "{76513950-1E1C-410A-8C76-692BF9A49E98}"
EndProject
Project("{2150E333-8FDC-42A3-9474-1A3956D46DE8}") = "Bit Manipulation", "Bit Manipulation", "{22CCFCB8-FD26-4E08-BD81-C23AF218B27D}"
EndProject
Project("{2150E333-8FDC-42A3-9474-1A3956D46DE8}") = "Easy", "Easy", "{E3B64F44-762A-4B86-A607-1FD8752DB85F}"
EndProject
Project("{9A19103F-16F7-4668-BE54-9A1E7A4F7556}") = "FlippingBits", "ProblemSolving\Algorithms\BitManipulation\Easy\FlippingBits\FlippingBits.csproj", "{C37D4863-0278-484B-A484-53F2EE3F32AC}"
EndProject
Project("{2150E333-8FDC-42A3-9474-1A3956D46DE8}") = "Data Structures", "Data Structures", "{01A097EE-99CE-4C40-9A88-877385F1A142}"
EndProject
Project("{2150E333-8FDC-42A3-9474-1A3956D46DE8}") = "Arrays", "Arrays", "{59442713-324D-4061-87F0-FAEEE305665E}"
EndProject
Project("{2150E333-8FDC-42A3-9474-1A3956D46DE8}") = "Easy", "Easy", "{DE6B0B7E-B96E-45F7-BDA0-15AC4F5349D4}"
EndProject
Project("{9A19103F-16F7-4668-BE54-9A1E7A4F7556}") = "2DArray", "ProblemSolving\DataStructures\Arrays\Easy\2DArray\2DArray.csproj", "{057B012A-92A4-46CE-9DBA-AAC197948103}"
EndProject
Project("{2150E333-8FDC-42A3-9474-1A3956D46DE8}") = "Hard", "Hard", "{343A9714-768B-4AEF-AB79-D1BAC73C24C6}"
EndProject
Project("{9A19103F-16F7-4668-BE54-9A1E7A4F7556}") = "ArrayManipulation", "ProblemSolving\DataStructures\Arrays\Hard\ArrayManipulation\ArrayManipulation.csproj", "{B1792F36-A525-44D4-B758-EA564EAE241E}"
EndProject
Project("{2150E333-8FDC-42A3-9474-1A3956D46DE8}") = "Stacks", "Stacks", "{8E2E5E8E-0224-4565-A232-2BD31BC9130D}"
EndProject
Project("{2150E333-8FDC-42A3-9474-1A3956D46DE8}") = "Medium", "Medium", "{71C6B4DE-F723-4F4E-A9F3-812AD953F611}"
EndProject
Project("{9A19103F-16F7-4668-BE54-9A1E7A4F7556}") = "BalancedBrackets", "ProblemSolving\DataStructures\Stacks\Medium\BalancedBrackets\BalancedBrackets.csproj", "{D328A250-791F-437D-8144-079C2BBB6A54}"
EndProject
Project("{9A19103F-16F7-4668-BE54-9A1E7A4F7556}") = "LargestRectangle", "ProblemSolving\DataStructures\Stacks\Medium\LargestRectangle\LargestRectangle.csproj", "{330CFE06-B94A-4ED8-9171-3B3160AD094C}"
EndProject
Project("{2150E333-8FDC-42A3-9474-1A3956D46DE8}") = "Interview Preparation Kit", "Interview Preparation Kit", "{856CF73F-305F-4986-A3EA-A484D7BB9CA7}"
EndProject
Project("{9A19103F-16F7-4668-BE54-9A1E7A4F7556}") = "LeftRotation", "ProblemSolving\DataStructures\Arrays\Easy\LeftRotation\LeftRotation.csproj", "{BDC94ED4-26CB-4A89-AB62-FAAE2FE6579B}"
EndProject
Project("{2150E333-8FDC-42A3-9474-1A3956D46DE8}") = "Arrays", "Arrays", "{4E0B0AD7-B76C-4A89-BAB6-814AF0B6081B}"
EndProject
Project("{2150E333-8FDC-42A3-9474-1A3956D46DE8}") = "Medium", "Medium", "{74BAF92E-7FC3-43B7-9478-E0B39FD29248}"
EndProject
Project("{9A19103F-16F7-4668-BE54-9A1E7A4F7556}") = "MinimumSwaps2", "InterviewPreparationKit\Arrays\Medium\MinimumSwaps2\MinimumSwaps2.csproj", "{AB6A443E-5F00-498C-A95C-3C05345A490E}"
EndProject
Project("{2150E333-8FDC-42A3-9474-1A3956D46DE8}") = "Dictionaries And Hashmaps", "Dictionaries And Hashmaps", "{4827B318-FC66-4862-9ED3-E9BBB32E0726}"
EndProject
Project("{2150E333-8FDC-42A3-9474-1A3956D46DE8}") = "Easy", "Easy", "{F9D93EE3-DDA3-4B29-81F2-2D1D02F3C7F8}"
EndProject
Project("{9A19103F-16F7-4668-BE54-9A1E7A4F7556}") = "RansomNote", "InterviewPreparationKit\DictionariesAndHashmaps\Easy\RansomNote\RansomNote.csproj", "{41D41586-D750-4CC8-A406-7FB10F87B2F5}"
EndProject
Project("{2150E333-8FDC-42A3-9474-1A3956D46DE8}") = "Medium", "Medium", "{89608258-7C09-4211-882E-8C496635C5C0}"
EndProject
Project("{9A19103F-16F7-4668-BE54-9A1E7A4F7556}") = "CountTriplets", "InterviewPreparationKit\DictionariesAndHashmaps\Medium\CountTriplets\CountTriplets.csproj", "{F299C88D-1E73-487B-B67B-81B3A5345A44}"
EndProject
Project("{9A19103F-16F7-4668-BE54-9A1E7A4F7556}") = "FrequencyQueries", "InterviewPreparationKit\DictionariesAndHashmaps\Medium\FrequencyQueries\FrequencyQueries.csproj", "{BFD2DF71-B631-444D-8A68-B0DEDAB42E6C}"
EndProject
Project("{2150E333-8FDC-42A3-9474-1A3956D46DE8}") = "Sorting", "Sorting", "{0A8023CE-22FC-4AFF-9FFD-D9A919C9A136}"
EndProject
Project("{2150E333-8FDC-42A3-9474-1A3956D46DE8}") = "Easy", "Easy", "{CE2F15B8-314C-4301-8C3D-1979337C8B86}"
EndProject
Project("{9A19103F-16F7-4668-BE54-9A1E7A4F7556}") = "BubbleSort", "InterviewPreparationKit\Sorting\Easy\BubbleSort\BubbleSort.csproj", "{57EAD146-E6A1-4D6A-AF15-6E7BC0E570DB}"
EndProject
Project("{9A19103F-16F7-4668-BE54-9A1E7A4F7556}") = "MakingAnagrams", "ProblemSolving\Algorithms\Strings\Easy\MakingAnagrams\MakingAnagrams.csproj", "{CD48D171-56A4-4D73-B05D-F88F98D42D0C}"
EndProject
Project("{2150E333-8FDC-42A3-9474-1A3956D46DE8}") = "Stacks And Queues", "Stacks And Queues", "{E1311C57-A70E-4AF7-8418-38F0558F7B78}"
EndProject
Project("{2150E333-8FDC-42A3-9474-1A3956D46DE8}") = "Medium", "Medium", "{640BF99C-80A5-46A1-B67E-134AD4B88D23}"
EndProject
Project("{9A19103F-16F7-4668-BE54-9A1E7A4F7556}") = "ATaleOfTwoStacks", "InterviewPreparationKit\StacksAndQueues\Medium\ATaleOfTwoStacks\ATaleOfTwoStacks.csproj", "{805E760A-24BB-40E3-A9C2-07FFF9CEA9C0}"
EndProject
Project("{9A19103F-16F7-4668-BE54-9A1E7A4F7556}") = "MinMaxRiddle", "InterviewPreparationKit\StacksAndQueues\Medium\MinMaxRiddle\MinMaxRiddle.csproj", "{8C32FBA3-F7BB-4340-8BA4-BDA040B13A60}"
EndProject
Project("{2150E333-8FDC-42A3-9474-1A3956D46DE8}") = "Skills Certification Test", "Skills Certification Test", "{5AEE2E8E-2950-4BEE-89F4-0561A2527994}"
EndProject
Project("{2150E333-8FDC-42A3-9474-1A3956D46DE8}") = "Problem Solving", "Problem Solving", "{0EF997B5-8C77-482B-8C7C-1DE7936DFA90}"
EndProject
Project("{2150E333-8FDC-42A3-9474-1A3956D46DE8}") = "Basic", "Basic", "{DAF61085-D916-49C2-B2F6-04C61215A5E5}"
EndProject
Project("{9A19103F-16F7-4668-BE54-9A1E7A4F7556}") = "StringAnagram", "SkillsCertificationTest\ProblemSolving\Basic\StringAnagram\StringAnagram.csproj", "{EAC07324-6075-4087-9A86-F8E389EA3E12}"
EndProject
Project("{2150E333-8FDC-42A3-9474-1A3956D46DE8}") = "Intermediate", "Intermediate", "{4AAD60BB-35A0-480B-B10D-568DA3E15C05}"
EndProject
Project("{9A19103F-16F7-4668-BE54-9A1E7A4F7556}") = "BalancedSystemFilesPartition", "SkillsCertificationTest\ProblemSolving\Basic\BalancedSystemFilesPartition\BalancedSystemFilesPartition.csproj", "{A09E6217-DFD1-4660-A4FF-2FE0DA1DA400}"
EndProject
Project("{9A19103F-16F7-4668-BE54-9A1E7A4F7556}") = "NiceTeams", "SkillsCertificationTest\ProblemSolving\Intermediate\NiceTeams\NiceTeams.csproj", "{C2890526-90D7-46D3-ACCE-A6450194E412}"
EndProject
Project("{9A19103F-16F7-4668-BE54-9A1E7A4F7556}") = "UserFriendlyPasswordSystem", "SkillsCertificationTest\ProblemSolving\Intermediate\UserFriendlyPasswordSystem\UserFriendlyPasswordSystem.csproj", "{81BC4505-5FE3-4C12-A8CD-A134BC1BF23A}"
EndProject
Project("{2150E333-8FDC-42A3-9474-1A3956D46DE8}") = "30 Days Of Code", "30 Days Of Code", "{C10480BA-2395-4BED-B13A-B9DF6B331AC4}"
EndProject
Project("{9A19103F-16F7-4668-BE54-9A1E7A4F7556}") = "Day00_HelloWorld", "30DaysOfCode\Day00_HelloWorld\Day00_HelloWorld.csproj", "{17DDB0C2-0BD6-4D15-9544-DD320642B769}"
EndProject
Project("{9A19103F-16F7-4668-BE54-9A1E7A4F7556}") = "Day01_DataTypes", "30DaysOfCode\Day01_DataTypes\Day01_DataTypes.csproj", "{3348041A-160D-4597-BC02-890B9D70DC6B}"
EndProject
Project("{2150E333-8FDC-42A3-9474-1A3956D46DE8}") = "Linked Lists", "Linked Lists", "{0F333831-C7D9-4AA9-A439-E342396CED87}"
EndProject
Project("{2150E333-8FDC-42A3-9474-1A3956D46DE8}") = "Easy", "Easy", "{CBE5344A-3652-4FD0-A611-970A8EDBC5F2}"
EndProject
Project("{9A19103F-16F7-4668-BE54-9A1E7A4F7556}") = "InsertANodeAtASpecificPositionInALinkedList", "ProblemSolving\DataStructures\LinkedLists\Easy\InsertANodeAtASpecificPositionInALinkedList\InsertANodeAtASpecificPositionInALinkedList.csproj", "{1550B564-49FB-4DE7-890C-D509FBEFA8A1}"
EndProject
Project("{9A19103F-16F7-4668-BE54-9A1E7A4F7556}") = "Day02_Operators", "30DaysOfCode\Day02_Operators\Day02_Operators.csproj", "{2941FE50-8433-4EC3-A8D9-22A770C9B6CB}"
EndProject
Project("{9A19103F-16F7-4668-BE54-9A1E7A4F7556}") = "LonelyInteger", "ProblemSolving\Algorithms\BitManipulation\Easy\LonelyInteger\LonelyInteger.csproj", "{BB72EBE5-0DD0-4ADF-B9C9-7DE92298C169}"
EndProject
Project("{9A19103F-16F7-4668-BE54-9A1E7A4F7556}") = "MaximizingXOR", "ProblemSolving\Algorithms\BitManipulation\Easy\MaximizingXOR\MaximizingXOR.csproj", "{7CD1500D-CFAC-4386-AD51-5F93BDDB3302}"
EndProject
Project("{9A19103F-16F7-4668-BE54-9A1E7A4F7556}") = "SumVsXOR", "ProblemSolving\Algorithms\BitManipulation\Easy\SumVsXOR\SumVsXOR.csproj", "{ABD55E3B-9138-4A02-B905-C26B480546C8}"
EndProject
Project("{9A19103F-16F7-4668-BE54-9A1E7A4F7556}") = "AppleAndOrange", "ProblemSolving\Algorithms\Implementation\Easy\AppleAndOrange\AppleAndOrange.csproj", "{C66F8276-6FB0-44A5-9620-CC90B5B9A71E}"
EndProject
Project("{9A19103F-16F7-4668-BE54-9A1E7A4F7556}") = "BonAppetit", "ProblemSolving\Algorithms\Implementation\Easy\BonAppetit\BonAppetit.csproj", "{519B3E1C-C1A4-4593-9FAB-B2DACE500778}"
EndProject
Project("{9A19103F-16F7-4668-BE54-9A1E7A4F7556}") = "ChocolateFeast", "ProblemSolving\Algorithms\Implementation\Easy\ChocolateFeast\ChocolateFeast.csproj", "{9AB0FF12-8DFA-42F2-A93E-6DFC0F344A28}"
EndProject
Project("{9A19103F-16F7-4668-BE54-9A1E7A4F7556}") = "LisaSWorkbook", "ProblemSolving\Algorithms\Implementation\Easy\LisaSWorkbook\LisaSWorkbook.csproj", "{C97B8514-8170-48F7-A67E-C228DFAE1C7F}"
EndProject
Project("{FAE04EC0-301F-11D3-BF4B-00C04F79EFBC}") = "Day03_IntroToConditionalStatements", "30DaysOfCode\Day03_IntroToConditionalStatements\Day03_IntroToConditionalStatements.csproj", "{3F61A974-2B0D-4B8B-9DA8-C046E14D1B94}"
EndProject
Project("{FAE04EC0-301F-11D3-BF4B-00C04F79EFBC}") = "FindDigits", "ProblemSolving\Algorithms\Implementation\Easy\FindDigits\FindDigits.csproj", "{5BBBA2A5-4D11-4625-BE95-9FEE82E7C176}"
EndProject
Project("{FAE04EC0-301F-11D3-BF4B-00C04F79EFBC}") = "BirthdayChocolate", "ProblemSolving\Algorithms\Implementation\Easy\BirthdayChocolate\BirthdayChocolate.csproj", "{58D47264-ED09-42AC-A70A-89CD3BD13933}"
EndProject
Project("{FAE04EC0-301F-11D3-BF4B-00C04F79EFBC}") = "PlusMinus", "ProblemSolving\Algorithms\Warmup\Easy\PlusMinus\PlusMinus.csproj", "{5F170D80-8DFA-446A-849E-40D3D8E2A694}"
EndProject
Project("{FAE04EC0-301F-11D3-BF4B-00C04F79EFBC}") = "Day04_ClassVsInstance", "30DaysOfCode\Day04_ClassVsInstance\Day04_ClassVsInstance.csproj", "{69A6E52A-804D-4FC8-AE92-41E9E85A7F01}"
EndProject
Project("{FAE04EC0-301F-11D3-BF4B-00C04F79EFBC}") = "Day05_Loops", "30DaysOfCode\Day05_Loops\Day05_Loops.csproj", "{98344B9B-1538-46AA-BCBF-E23A606B7F60}"
EndProject
Project("{FAE04EC0-301F-11D3-BF4B-00C04F79EFBC}") = "Common", "Common\Common.csproj", "{24A23DA0-3B0E-4654-A525-FAF8CC0F843C}"
EndProject
Project("{2150E333-8FDC-42A3-9474-1A3956D46DE8}") = "Recursion And Backtracking", "Recursion And Backtracking", "{E18292A2-4EA1-44AA-A3C8-1AFFEA26307C}"
EndProject
Project("{2150E333-8FDC-42A3-9474-1A3956D46DE8}") = "Easy", "Easy", "{8EE6542B-8687-4DDB-B4C0-B5DAFA9723C3}"
EndProject
Project("{FAE04EC0-301F-11D3-BF4B-00C04F79EFBC}") = "FibonacciNumbers", "InterviewPreparationKit\RecursionAndBacktracking\Easy\FibonacciNumbers\FibonacciNumbers.csproj", "{C018D653-4953-493F-935E-8535352C987D}"
EndProject
Project("{2150E333-8FDC-42A3-9474-1A3956D46DE8}") = "Medium", "Medium", "{9EE1BEEF-07E6-43C3-9146-03A74AB71A6C}"
EndProject
Project("{FAE04EC0-301F-11D3-BF4B-00C04F79EFBC}") = "DavisStaircase", "InterviewPreparationKit\RecursionAndBacktracking\Medium\DavisStaircase\DavisStaircase.csproj", "{BE3C1D5A-4CD1-4754-9FAE-9AA5278211B8}"
EndProject
Project("{9A19103F-16F7-4668-BE54-9A1E7A4F7556}") = "Day06_LetSReview", "30DaysOfCode\Day06_LetSReview\Day06_LetSReview.csproj", "{87123603-1191-444E-A09B-F0026D7349F3}"
EndProject
Project("{FAE04EC0-301F-11D3-BF4B-00C04F79EFBC}") = "Staircase", "ProblemSolving\Algorithms\Warmup\Easy\Staircase\Staircase.csproj", "{798B69F1-4F72-4881-A5FA-99060FFC13C2}"
EndProject
Global
	GlobalSection(SolutionConfigurationPlatforms) = preSolution
		Debug|Any CPU = Debug|Any CPU
		Release|Any CPU = Release|Any CPU
	EndGlobalSection
	GlobalSection(ProjectConfigurationPlatforms) = postSolution
		{02394CF2-68FC-46BE-B852-9192028C2288}.Debug|Any CPU.ActiveCfg = Debug|Any CPU
		{02394CF2-68FC-46BE-B852-9192028C2288}.Debug|Any CPU.Build.0 = Debug|Any CPU
		{02394CF2-68FC-46BE-B852-9192028C2288}.Release|Any CPU.ActiveCfg = Release|Any CPU
		{02394CF2-68FC-46BE-B852-9192028C2288}.Release|Any CPU.Build.0 = Release|Any CPU
		{31F216C9-F6BF-409D-BCAE-F1CB567A2705}.Debug|Any CPU.ActiveCfg = Debug|Any CPU
		{31F216C9-F6BF-409D-BCAE-F1CB567A2705}.Debug|Any CPU.Build.0 = Debug|Any CPU
		{31F216C9-F6BF-409D-BCAE-F1CB567A2705}.Release|Any CPU.ActiveCfg = Release|Any CPU
		{31F216C9-F6BF-409D-BCAE-F1CB567A2705}.Release|Any CPU.Build.0 = Release|Any CPU
		{8B8D5A52-8A66-4D88-942A-17C0C18EC57D}.Debug|Any CPU.ActiveCfg = Debug|Any CPU
		{8B8D5A52-8A66-4D88-942A-17C0C18EC57D}.Debug|Any CPU.Build.0 = Debug|Any CPU
		{8B8D5A52-8A66-4D88-942A-17C0C18EC57D}.Release|Any CPU.ActiveCfg = Release|Any CPU
		{8B8D5A52-8A66-4D88-942A-17C0C18EC57D}.Release|Any CPU.Build.0 = Release|Any CPU
		{5E342664-E2F0-4192-A5C7-DF88A296ADC5}.Debug|Any CPU.ActiveCfg = Debug|Any CPU
		{5E342664-E2F0-4192-A5C7-DF88A296ADC5}.Debug|Any CPU.Build.0 = Debug|Any CPU
		{5E342664-E2F0-4192-A5C7-DF88A296ADC5}.Release|Any CPU.ActiveCfg = Release|Any CPU
		{5E342664-E2F0-4192-A5C7-DF88A296ADC5}.Release|Any CPU.Build.0 = Release|Any CPU
		{1127EEF3-A42C-43A9-96AA-2B98E31C0CA3}.Debug|Any CPU.ActiveCfg = Debug|Any CPU
		{1127EEF3-A42C-43A9-96AA-2B98E31C0CA3}.Debug|Any CPU.Build.0 = Debug|Any CPU
		{1127EEF3-A42C-43A9-96AA-2B98E31C0CA3}.Release|Any CPU.ActiveCfg = Release|Any CPU
		{1127EEF3-A42C-43A9-96AA-2B98E31C0CA3}.Release|Any CPU.Build.0 = Release|Any CPU
		{ABA75953-3BAC-4D30-9A25-938A3730FEBD}.Debug|Any CPU.ActiveCfg = Debug|Any CPU
		{ABA75953-3BAC-4D30-9A25-938A3730FEBD}.Debug|Any CPU.Build.0 = Debug|Any CPU
		{ABA75953-3BAC-4D30-9A25-938A3730FEBD}.Release|Any CPU.ActiveCfg = Release|Any CPU
		{ABA75953-3BAC-4D30-9A25-938A3730FEBD}.Release|Any CPU.Build.0 = Release|Any CPU
		{C6F5F15B-2626-4BC2-B7CA-1BFD8CBB4C5A}.Debug|Any CPU.ActiveCfg = Debug|Any CPU
		{C6F5F15B-2626-4BC2-B7CA-1BFD8CBB4C5A}.Debug|Any CPU.Build.0 = Debug|Any CPU
		{C6F5F15B-2626-4BC2-B7CA-1BFD8CBB4C5A}.Release|Any CPU.ActiveCfg = Release|Any CPU
		{C6F5F15B-2626-4BC2-B7CA-1BFD8CBB4C5A}.Release|Any CPU.Build.0 = Release|Any CPU
		{475299A0-1B32-4410-B26C-3D9ED136F383}.Debug|Any CPU.ActiveCfg = Debug|Any CPU
		{475299A0-1B32-4410-B26C-3D9ED136F383}.Debug|Any CPU.Build.0 = Debug|Any CPU
		{475299A0-1B32-4410-B26C-3D9ED136F383}.Release|Any CPU.ActiveCfg = Release|Any CPU
		{475299A0-1B32-4410-B26C-3D9ED136F383}.Release|Any CPU.Build.0 = Release|Any CPU
		{D6FBB97F-8808-4D43-AA02-4C40E3F8E42C}.Debug|Any CPU.ActiveCfg = Debug|Any CPU
		{D6FBB97F-8808-4D43-AA02-4C40E3F8E42C}.Debug|Any CPU.Build.0 = Debug|Any CPU
		{D6FBB97F-8808-4D43-AA02-4C40E3F8E42C}.Release|Any CPU.ActiveCfg = Release|Any CPU
		{D6FBB97F-8808-4D43-AA02-4C40E3F8E42C}.Release|Any CPU.Build.0 = Release|Any CPU
		{7FBEDB4E-B8B4-47CF-96D1-3DF7B31D469A}.Debug|Any CPU.ActiveCfg = Debug|Any CPU
		{7FBEDB4E-B8B4-47CF-96D1-3DF7B31D469A}.Debug|Any CPU.Build.0 = Debug|Any CPU
		{7FBEDB4E-B8B4-47CF-96D1-3DF7B31D469A}.Release|Any CPU.ActiveCfg = Release|Any CPU
		{7FBEDB4E-B8B4-47CF-96D1-3DF7B31D469A}.Release|Any CPU.Build.0 = Release|Any CPU
		{4D3ABDF9-C11D-45F8-B2C3-F46DFCDE14D1}.Debug|Any CPU.ActiveCfg = Debug|Any CPU
		{4D3ABDF9-C11D-45F8-B2C3-F46DFCDE14D1}.Debug|Any CPU.Build.0 = Debug|Any CPU
		{4D3ABDF9-C11D-45F8-B2C3-F46DFCDE14D1}.Release|Any CPU.ActiveCfg = Release|Any CPU
		{4D3ABDF9-C11D-45F8-B2C3-F46DFCDE14D1}.Release|Any CPU.Build.0 = Release|Any CPU
		{B4F115DB-8F81-4C88-8118-159FEBDB2A67}.Debug|Any CPU.ActiveCfg = Debug|Any CPU
		{B4F115DB-8F81-4C88-8118-159FEBDB2A67}.Debug|Any CPU.Build.0 = Debug|Any CPU
		{B4F115DB-8F81-4C88-8118-159FEBDB2A67}.Release|Any CPU.ActiveCfg = Release|Any CPU
		{B4F115DB-8F81-4C88-8118-159FEBDB2A67}.Release|Any CPU.Build.0 = Release|Any CPU
		{8BE35CEE-62F8-4C18-B289-ADBA9FF22106}.Debug|Any CPU.ActiveCfg = Debug|Any CPU
		{8BE35CEE-62F8-4C18-B289-ADBA9FF22106}.Debug|Any CPU.Build.0 = Debug|Any CPU
		{8BE35CEE-62F8-4C18-B289-ADBA9FF22106}.Release|Any CPU.ActiveCfg = Release|Any CPU
		{8BE35CEE-62F8-4C18-B289-ADBA9FF22106}.Release|Any CPU.Build.0 = Release|Any CPU
		{19CDB5B2-7DA6-4995-9440-CB0CE7445BB2}.Debug|Any CPU.ActiveCfg = Debug|Any CPU
		{19CDB5B2-7DA6-4995-9440-CB0CE7445BB2}.Debug|Any CPU.Build.0 = Debug|Any CPU
		{19CDB5B2-7DA6-4995-9440-CB0CE7445BB2}.Release|Any CPU.ActiveCfg = Release|Any CPU
		{19CDB5B2-7DA6-4995-9440-CB0CE7445BB2}.Release|Any CPU.Build.0 = Release|Any CPU
		{76513950-1E1C-410A-8C76-692BF9A49E98}.Debug|Any CPU.ActiveCfg = Debug|Any CPU
		{76513950-1E1C-410A-8C76-692BF9A49E98}.Debug|Any CPU.Build.0 = Debug|Any CPU
		{76513950-1E1C-410A-8C76-692BF9A49E98}.Release|Any CPU.ActiveCfg = Release|Any CPU
		{76513950-1E1C-410A-8C76-692BF9A49E98}.Release|Any CPU.Build.0 = Release|Any CPU
		{C37D4863-0278-484B-A484-53F2EE3F32AC}.Debug|Any CPU.ActiveCfg = Debug|Any CPU
		{C37D4863-0278-484B-A484-53F2EE3F32AC}.Debug|Any CPU.Build.0 = Debug|Any CPU
		{C37D4863-0278-484B-A484-53F2EE3F32AC}.Release|Any CPU.ActiveCfg = Release|Any CPU
		{C37D4863-0278-484B-A484-53F2EE3F32AC}.Release|Any CPU.Build.0 = Release|Any CPU
		{057B012A-92A4-46CE-9DBA-AAC197948103}.Debug|Any CPU.ActiveCfg = Debug|Any CPU
		{057B012A-92A4-46CE-9DBA-AAC197948103}.Debug|Any CPU.Build.0 = Debug|Any CPU
		{057B012A-92A4-46CE-9DBA-AAC197948103}.Release|Any CPU.ActiveCfg = Release|Any CPU
		{057B012A-92A4-46CE-9DBA-AAC197948103}.Release|Any CPU.Build.0 = Release|Any CPU
		{B1792F36-A525-44D4-B758-EA564EAE241E}.Debug|Any CPU.ActiveCfg = Debug|Any CPU
		{B1792F36-A525-44D4-B758-EA564EAE241E}.Debug|Any CPU.Build.0 = Debug|Any CPU
		{B1792F36-A525-44D4-B758-EA564EAE241E}.Release|Any CPU.ActiveCfg = Release|Any CPU
		{B1792F36-A525-44D4-B758-EA564EAE241E}.Release|Any CPU.Build.0 = Release|Any CPU
		{D328A250-791F-437D-8144-079C2BBB6A54}.Debug|Any CPU.ActiveCfg = Debug|Any CPU
		{D328A250-791F-437D-8144-079C2BBB6A54}.Debug|Any CPU.Build.0 = Debug|Any CPU
		{D328A250-791F-437D-8144-079C2BBB6A54}.Release|Any CPU.ActiveCfg = Release|Any CPU
		{D328A250-791F-437D-8144-079C2BBB6A54}.Release|Any CPU.Build.0 = Release|Any CPU
		{330CFE06-B94A-4ED8-9171-3B3160AD094C}.Debug|Any CPU.ActiveCfg = Debug|Any CPU
		{330CFE06-B94A-4ED8-9171-3B3160AD094C}.Debug|Any CPU.Build.0 = Debug|Any CPU
		{330CFE06-B94A-4ED8-9171-3B3160AD094C}.Release|Any CPU.ActiveCfg = Release|Any CPU
		{330CFE06-B94A-4ED8-9171-3B3160AD094C}.Release|Any CPU.Build.0 = Release|Any CPU
		{BDC94ED4-26CB-4A89-AB62-FAAE2FE6579B}.Debug|Any CPU.ActiveCfg = Debug|Any CPU
		{BDC94ED4-26CB-4A89-AB62-FAAE2FE6579B}.Debug|Any CPU.Build.0 = Debug|Any CPU
		{BDC94ED4-26CB-4A89-AB62-FAAE2FE6579B}.Release|Any CPU.ActiveCfg = Release|Any CPU
		{BDC94ED4-26CB-4A89-AB62-FAAE2FE6579B}.Release|Any CPU.Build.0 = Release|Any CPU
		{AB6A443E-5F00-498C-A95C-3C05345A490E}.Debug|Any CPU.ActiveCfg = Debug|Any CPU
		{AB6A443E-5F00-498C-A95C-3C05345A490E}.Debug|Any CPU.Build.0 = Debug|Any CPU
		{AB6A443E-5F00-498C-A95C-3C05345A490E}.Release|Any CPU.ActiveCfg = Release|Any CPU
		{AB6A443E-5F00-498C-A95C-3C05345A490E}.Release|Any CPU.Build.0 = Release|Any CPU
		{41D41586-D750-4CC8-A406-7FB10F87B2F5}.Debug|Any CPU.ActiveCfg = Debug|Any CPU
		{41D41586-D750-4CC8-A406-7FB10F87B2F5}.Debug|Any CPU.Build.0 = Debug|Any CPU
		{41D41586-D750-4CC8-A406-7FB10F87B2F5}.Release|Any CPU.ActiveCfg = Release|Any CPU
		{41D41586-D750-4CC8-A406-7FB10F87B2F5}.Release|Any CPU.Build.0 = Release|Any CPU
		{F299C88D-1E73-487B-B67B-81B3A5345A44}.Debug|Any CPU.ActiveCfg = Debug|Any CPU
		{F299C88D-1E73-487B-B67B-81B3A5345A44}.Debug|Any CPU.Build.0 = Debug|Any CPU
		{F299C88D-1E73-487B-B67B-81B3A5345A44}.Release|Any CPU.ActiveCfg = Release|Any CPU
		{F299C88D-1E73-487B-B67B-81B3A5345A44}.Release|Any CPU.Build.0 = Release|Any CPU
		{BFD2DF71-B631-444D-8A68-B0DEDAB42E6C}.Debug|Any CPU.ActiveCfg = Debug|Any CPU
		{BFD2DF71-B631-444D-8A68-B0DEDAB42E6C}.Debug|Any CPU.Build.0 = Debug|Any CPU
		{BFD2DF71-B631-444D-8A68-B0DEDAB42E6C}.Release|Any CPU.ActiveCfg = Release|Any CPU
		{BFD2DF71-B631-444D-8A68-B0DEDAB42E6C}.Release|Any CPU.Build.0 = Release|Any CPU
		{57EAD146-E6A1-4D6A-AF15-6E7BC0E570DB}.Debug|Any CPU.ActiveCfg = Debug|Any CPU
		{57EAD146-E6A1-4D6A-AF15-6E7BC0E570DB}.Debug|Any CPU.Build.0 = Debug|Any CPU
		{57EAD146-E6A1-4D6A-AF15-6E7BC0E570DB}.Release|Any CPU.ActiveCfg = Release|Any CPU
		{57EAD146-E6A1-4D6A-AF15-6E7BC0E570DB}.Release|Any CPU.Build.0 = Release|Any CPU
		{CD48D171-56A4-4D73-B05D-F88F98D42D0C}.Debug|Any CPU.ActiveCfg = Debug|Any CPU
		{CD48D171-56A4-4D73-B05D-F88F98D42D0C}.Debug|Any CPU.Build.0 = Debug|Any CPU
		{CD48D171-56A4-4D73-B05D-F88F98D42D0C}.Release|Any CPU.ActiveCfg = Release|Any CPU
		{CD48D171-56A4-4D73-B05D-F88F98D42D0C}.Release|Any CPU.Build.0 = Release|Any CPU
		{805E760A-24BB-40E3-A9C2-07FFF9CEA9C0}.Debug|Any CPU.ActiveCfg = Debug|Any CPU
		{805E760A-24BB-40E3-A9C2-07FFF9CEA9C0}.Debug|Any CPU.Build.0 = Debug|Any CPU
		{805E760A-24BB-40E3-A9C2-07FFF9CEA9C0}.Release|Any CPU.ActiveCfg = Release|Any CPU
		{805E760A-24BB-40E3-A9C2-07FFF9CEA9C0}.Release|Any CPU.Build.0 = Release|Any CPU
		{8C32FBA3-F7BB-4340-8BA4-BDA040B13A60}.Debug|Any CPU.ActiveCfg = Debug|Any CPU
		{8C32FBA3-F7BB-4340-8BA4-BDA040B13A60}.Debug|Any CPU.Build.0 = Debug|Any CPU
		{8C32FBA3-F7BB-4340-8BA4-BDA040B13A60}.Release|Any CPU.ActiveCfg = Release|Any CPU
		{8C32FBA3-F7BB-4340-8BA4-BDA040B13A60}.Release|Any CPU.Build.0 = Release|Any CPU
		{EAC07324-6075-4087-9A86-F8E389EA3E12}.Debug|Any CPU.ActiveCfg = Debug|Any CPU
		{EAC07324-6075-4087-9A86-F8E389EA3E12}.Debug|Any CPU.Build.0 = Debug|Any CPU
		{EAC07324-6075-4087-9A86-F8E389EA3E12}.Release|Any CPU.ActiveCfg = Release|Any CPU
		{EAC07324-6075-4087-9A86-F8E389EA3E12}.Release|Any CPU.Build.0 = Release|Any CPU
		{A09E6217-DFD1-4660-A4FF-2FE0DA1DA400}.Debug|Any CPU.ActiveCfg = Debug|Any CPU
		{A09E6217-DFD1-4660-A4FF-2FE0DA1DA400}.Debug|Any CPU.Build.0 = Debug|Any CPU
		{A09E6217-DFD1-4660-A4FF-2FE0DA1DA400}.Release|Any CPU.ActiveCfg = Release|Any CPU
		{A09E6217-DFD1-4660-A4FF-2FE0DA1DA400}.Release|Any CPU.Build.0 = Release|Any CPU
		{C2890526-90D7-46D3-ACCE-A6450194E412}.Debug|Any CPU.ActiveCfg = Debug|Any CPU
		{C2890526-90D7-46D3-ACCE-A6450194E412}.Debug|Any CPU.Build.0 = Debug|Any CPU
		{C2890526-90D7-46D3-ACCE-A6450194E412}.Release|Any CPU.ActiveCfg = Release|Any CPU
		{C2890526-90D7-46D3-ACCE-A6450194E412}.Release|Any CPU.Build.0 = Release|Any CPU
		{81BC4505-5FE3-4C12-A8CD-A134BC1BF23A}.Debug|Any CPU.ActiveCfg = Debug|Any CPU
		{81BC4505-5FE3-4C12-A8CD-A134BC1BF23A}.Debug|Any CPU.Build.0 = Debug|Any CPU
		{81BC4505-5FE3-4C12-A8CD-A134BC1BF23A}.Release|Any CPU.ActiveCfg = Release|Any CPU
		{81BC4505-5FE3-4C12-A8CD-A134BC1BF23A}.Release|Any CPU.Build.0 = Release|Any CPU
		{17DDB0C2-0BD6-4D15-9544-DD320642B769}.Debug|Any CPU.ActiveCfg = Debug|Any CPU
		{17DDB0C2-0BD6-4D15-9544-DD320642B769}.Debug|Any CPU.Build.0 = Debug|Any CPU
		{17DDB0C2-0BD6-4D15-9544-DD320642B769}.Release|Any CPU.ActiveCfg = Release|Any CPU
		{17DDB0C2-0BD6-4D15-9544-DD320642B769}.Release|Any CPU.Build.0 = Release|Any CPU
		{3348041A-160D-4597-BC02-890B9D70DC6B}.Debug|Any CPU.ActiveCfg = Debug|Any CPU
		{3348041A-160D-4597-BC02-890B9D70DC6B}.Debug|Any CPU.Build.0 = Debug|Any CPU
		{3348041A-160D-4597-BC02-890B9D70DC6B}.Release|Any CPU.ActiveCfg = Release|Any CPU
		{3348041A-160D-4597-BC02-890B9D70DC6B}.Release|Any CPU.Build.0 = Release|Any CPU
		{1550B564-49FB-4DE7-890C-D509FBEFA8A1}.Debug|Any CPU.ActiveCfg = Debug|Any CPU
		{1550B564-49FB-4DE7-890C-D509FBEFA8A1}.Debug|Any CPU.Build.0 = Debug|Any CPU
		{1550B564-49FB-4DE7-890C-D509FBEFA8A1}.Release|Any CPU.ActiveCfg = Release|Any CPU
		{1550B564-49FB-4DE7-890C-D509FBEFA8A1}.Release|Any CPU.Build.0 = Release|Any CPU
		{2941FE50-8433-4EC3-A8D9-22A770C9B6CB}.Debug|Any CPU.ActiveCfg = Debug|Any CPU
		{2941FE50-8433-4EC3-A8D9-22A770C9B6CB}.Debug|Any CPU.Build.0 = Debug|Any CPU
		{2941FE50-8433-4EC3-A8D9-22A770C9B6CB}.Release|Any CPU.ActiveCfg = Release|Any CPU
		{2941FE50-8433-4EC3-A8D9-22A770C9B6CB}.Release|Any CPU.Build.0 = Release|Any CPU
		{BB72EBE5-0DD0-4ADF-B9C9-7DE92298C169}.Debug|Any CPU.ActiveCfg = Debug|Any CPU
		{BB72EBE5-0DD0-4ADF-B9C9-7DE92298C169}.Debug|Any CPU.Build.0 = Debug|Any CPU
		{BB72EBE5-0DD0-4ADF-B9C9-7DE92298C169}.Release|Any CPU.ActiveCfg = Release|Any CPU
		{BB72EBE5-0DD0-4ADF-B9C9-7DE92298C169}.Release|Any CPU.Build.0 = Release|Any CPU
		{7CD1500D-CFAC-4386-AD51-5F93BDDB3302}.Debug|Any CPU.ActiveCfg = Debug|Any CPU
		{7CD1500D-CFAC-4386-AD51-5F93BDDB3302}.Debug|Any CPU.Build.0 = Debug|Any CPU
		{7CD1500D-CFAC-4386-AD51-5F93BDDB3302}.Release|Any CPU.ActiveCfg = Release|Any CPU
		{7CD1500D-CFAC-4386-AD51-5F93BDDB3302}.Release|Any CPU.Build.0 = Release|Any CPU
		{ABD55E3B-9138-4A02-B905-C26B480546C8}.Debug|Any CPU.ActiveCfg = Debug|Any CPU
		{ABD55E3B-9138-4A02-B905-C26B480546C8}.Debug|Any CPU.Build.0 = Debug|Any CPU
		{ABD55E3B-9138-4A02-B905-C26B480546C8}.Release|Any CPU.ActiveCfg = Release|Any CPU
		{ABD55E3B-9138-4A02-B905-C26B480546C8}.Release|Any CPU.Build.0 = Release|Any CPU
		{C66F8276-6FB0-44A5-9620-CC90B5B9A71E}.Debug|Any CPU.ActiveCfg = Debug|Any CPU
		{C66F8276-6FB0-44A5-9620-CC90B5B9A71E}.Debug|Any CPU.Build.0 = Debug|Any CPU
		{C66F8276-6FB0-44A5-9620-CC90B5B9A71E}.Release|Any CPU.ActiveCfg = Release|Any CPU
		{C66F8276-6FB0-44A5-9620-CC90B5B9A71E}.Release|Any CPU.Build.0 = Release|Any CPU
		{519B3E1C-C1A4-4593-9FAB-B2DACE500778}.Debug|Any CPU.ActiveCfg = Debug|Any CPU
		{519B3E1C-C1A4-4593-9FAB-B2DACE500778}.Debug|Any CPU.Build.0 = Debug|Any CPU
		{519B3E1C-C1A4-4593-9FAB-B2DACE500778}.Release|Any CPU.ActiveCfg = Release|Any CPU
		{519B3E1C-C1A4-4593-9FAB-B2DACE500778}.Release|Any CPU.Build.0 = Release|Any CPU
		{9AB0FF12-8DFA-42F2-A93E-6DFC0F344A28}.Debug|Any CPU.ActiveCfg = Debug|Any CPU
		{9AB0FF12-8DFA-42F2-A93E-6DFC0F344A28}.Debug|Any CPU.Build.0 = Debug|Any CPU
		{9AB0FF12-8DFA-42F2-A93E-6DFC0F344A28}.Release|Any CPU.ActiveCfg = Release|Any CPU
		{9AB0FF12-8DFA-42F2-A93E-6DFC0F344A28}.Release|Any CPU.Build.0 = Release|Any CPU
		{C97B8514-8170-48F7-A67E-C228DFAE1C7F}.Debug|Any CPU.ActiveCfg = Debug|Any CPU
		{C97B8514-8170-48F7-A67E-C228DFAE1C7F}.Debug|Any CPU.Build.0 = Debug|Any CPU
		{C97B8514-8170-48F7-A67E-C228DFAE1C7F}.Release|Any CPU.ActiveCfg = Release|Any CPU
		{C97B8514-8170-48F7-A67E-C228DFAE1C7F}.Release|Any CPU.Build.0 = Release|Any CPU
		{3F61A974-2B0D-4B8B-9DA8-C046E14D1B94}.Debug|Any CPU.ActiveCfg = Debug|Any CPU
		{3F61A974-2B0D-4B8B-9DA8-C046E14D1B94}.Debug|Any CPU.Build.0 = Debug|Any CPU
		{3F61A974-2B0D-4B8B-9DA8-C046E14D1B94}.Release|Any CPU.ActiveCfg = Release|Any CPU
		{3F61A974-2B0D-4B8B-9DA8-C046E14D1B94}.Release|Any CPU.Build.0 = Release|Any CPU
		{5BBBA2A5-4D11-4625-BE95-9FEE82E7C176}.Debug|Any CPU.ActiveCfg = Debug|Any CPU
		{5BBBA2A5-4D11-4625-BE95-9FEE82E7C176}.Debug|Any CPU.Build.0 = Debug|Any CPU
		{5BBBA2A5-4D11-4625-BE95-9FEE82E7C176}.Release|Any CPU.ActiveCfg = Release|Any CPU
		{5BBBA2A5-4D11-4625-BE95-9FEE82E7C176}.Release|Any CPU.Build.0 = Release|Any CPU
		{58D47264-ED09-42AC-A70A-89CD3BD13933}.Debug|Any CPU.ActiveCfg = Debug|Any CPU
		{58D47264-ED09-42AC-A70A-89CD3BD13933}.Debug|Any CPU.Build.0 = Debug|Any CPU
		{58D47264-ED09-42AC-A70A-89CD3BD13933}.Release|Any CPU.ActiveCfg = Release|Any CPU
		{58D47264-ED09-42AC-A70A-89CD3BD13933}.Release|Any CPU.Build.0 = Release|Any CPU
		{5F170D80-8DFA-446A-849E-40D3D8E2A694}.Debug|Any CPU.ActiveCfg = Debug|Any CPU
		{5F170D80-8DFA-446A-849E-40D3D8E2A694}.Debug|Any CPU.Build.0 = Debug|Any CPU
		{5F170D80-8DFA-446A-849E-40D3D8E2A694}.Release|Any CPU.ActiveCfg = Release|Any CPU
		{5F170D80-8DFA-446A-849E-40D3D8E2A694}.Release|Any CPU.Build.0 = Release|Any CPU
		{69A6E52A-804D-4FC8-AE92-41E9E85A7F01}.Debug|Any CPU.ActiveCfg = Debug|Any CPU
		{69A6E52A-804D-4FC8-AE92-41E9E85A7F01}.Debug|Any CPU.Build.0 = Debug|Any CPU
		{69A6E52A-804D-4FC8-AE92-41E9E85A7F01}.Release|Any CPU.ActiveCfg = Release|Any CPU
		{69A6E52A-804D-4FC8-AE92-41E9E85A7F01}.Release|Any CPU.Build.0 = Release|Any CPU
		{98344B9B-1538-46AA-BCBF-E23A606B7F60}.Debug|Any CPU.ActiveCfg = Debug|Any CPU
		{98344B9B-1538-46AA-BCBF-E23A606B7F60}.Debug|Any CPU.Build.0 = Debug|Any CPU
		{98344B9B-1538-46AA-BCBF-E23A606B7F60}.Release|Any CPU.ActiveCfg = Release|Any CPU
		{98344B9B-1538-46AA-BCBF-E23A606B7F60}.Release|Any CPU.Build.0 = Release|Any CPU
		{24A23DA0-3B0E-4654-A525-FAF8CC0F843C}.Debug|Any CPU.ActiveCfg = Debug|Any CPU
		{24A23DA0-3B0E-4654-A525-FAF8CC0F843C}.Debug|Any CPU.Build.0 = Debug|Any CPU
		{24A23DA0-3B0E-4654-A525-FAF8CC0F843C}.Release|Any CPU.ActiveCfg = Release|Any CPU
		{24A23DA0-3B0E-4654-A525-FAF8CC0F843C}.Release|Any CPU.Build.0 = Release|Any CPU
		{C018D653-4953-493F-935E-8535352C987D}.Debug|Any CPU.ActiveCfg = Debug|Any CPU
		{C018D653-4953-493F-935E-8535352C987D}.Debug|Any CPU.Build.0 = Debug|Any CPU
		{C018D653-4953-493F-935E-8535352C987D}.Release|Any CPU.ActiveCfg = Release|Any CPU
		{C018D653-4953-493F-935E-8535352C987D}.Release|Any CPU.Build.0 = Release|Any CPU
		{BE3C1D5A-4CD1-4754-9FAE-9AA5278211B8}.Debug|Any CPU.ActiveCfg = Debug|Any CPU
		{BE3C1D5A-4CD1-4754-9FAE-9AA5278211B8}.Debug|Any CPU.Build.0 = Debug|Any CPU
		{BE3C1D5A-4CD1-4754-9FAE-9AA5278211B8}.Release|Any CPU.ActiveCfg = Release|Any CPU
		{BE3C1D5A-4CD1-4754-9FAE-9AA5278211B8}.Release|Any CPU.Build.0 = Release|Any CPU
		{87123603-1191-444E-A09B-F0026D7349F3}.Debug|Any CPU.ActiveCfg = Debug|Any CPU
		{87123603-1191-444E-A09B-F0026D7349F3}.Debug|Any CPU.Build.0 = Debug|Any CPU
		{87123603-1191-444E-A09B-F0026D7349F3}.Release|Any CPU.ActiveCfg = Release|Any CPU
		{87123603-1191-444E-A09B-F0026D7349F3}.Release|Any CPU.Build.0 = Release|Any CPU
		{798B69F1-4F72-4881-A5FA-99060FFC13C2}.Debug|Any CPU.ActiveCfg = Debug|Any CPU
		{798B69F1-4F72-4881-A5FA-99060FFC13C2}.Debug|Any CPU.Build.0 = Debug|Any CPU
		{798B69F1-4F72-4881-A5FA-99060FFC13C2}.Release|Any CPU.ActiveCfg = Release|Any CPU
		{798B69F1-4F72-4881-A5FA-99060FFC13C2}.Release|Any CPU.Build.0 = Release|Any CPU
	EndGlobalSection
	GlobalSection(SolutionProperties) = preSolution
		HideSolutionNode = FALSE
	EndGlobalSection
	GlobalSection(NestedProjects) = preSolution
		{10C2F34A-8941-46A1-943D-D629FE4BAD96} = {6B6338BD-3329-4A95-A616-09623C7EB184}
		{88D2DFC2-6ADA-49E0-AFA5-B546AFBB1CBB} = {10C2F34A-8941-46A1-943D-D629FE4BAD96}
		{F3AA3847-4CC2-4E59-A302-5BC8CC8C9857} = {88D2DFC2-6ADA-49E0-AFA5-B546AFBB1CBB}
		{02394CF2-68FC-46BE-B852-9192028C2288} = {F3AA3847-4CC2-4E59-A302-5BC8CC8C9857}
		{31F216C9-F6BF-409D-BCAE-F1CB567A2705} = {F3AA3847-4CC2-4E59-A302-5BC8CC8C9857}
		{8B8D5A52-8A66-4D88-942A-17C0C18EC57D} = {F3AA3847-4CC2-4E59-A302-5BC8CC8C9857}
		{5E342664-E2F0-4192-A5C7-DF88A296ADC5} = {F3AA3847-4CC2-4E59-A302-5BC8CC8C9857}
		{1127EEF3-A42C-43A9-96AA-2B98E31C0CA3} = {F3AA3847-4CC2-4E59-A302-5BC8CC8C9857}
		{06349C33-EE9E-4AA0-9A2C-99D8199D1F69} = {10C2F34A-8941-46A1-943D-D629FE4BAD96}
		{C2D20F10-CAB0-4CCD-B248-A28318C5644F} = {06349C33-EE9E-4AA0-9A2C-99D8199D1F69}
		{ABA75953-3BAC-4D30-9A25-938A3730FEBD} = {C2D20F10-CAB0-4CCD-B248-A28318C5644F}
		{C6F5F15B-2626-4BC2-B7CA-1BFD8CBB4C5A} = {C2D20F10-CAB0-4CCD-B248-A28318C5644F}
		{475299A0-1B32-4410-B26C-3D9ED136F383} = {C2D20F10-CAB0-4CCD-B248-A28318C5644F}
		{D6FBB97F-8808-4D43-AA02-4C40E3F8E42C} = {C2D20F10-CAB0-4CCD-B248-A28318C5644F}
		{4971887B-0379-4A29-8EF7-38E8DE06628D} = {10C2F34A-8941-46A1-943D-D629FE4BAD96}
		{9FD67621-4168-4182-ACD0-606B7341BCE2} = {4971887B-0379-4A29-8EF7-38E8DE06628D}
		{7FBEDB4E-B8B4-47CF-96D1-3DF7B31D469A} = {9FD67621-4168-4182-ACD0-606B7341BCE2}
		{4D3ABDF9-C11D-45F8-B2C3-F46DFCDE14D1} = {9FD67621-4168-4182-ACD0-606B7341BCE2}
		{FFF3D8E5-D06D-4456-AD4D-D7A5FD57162B} = {4971887B-0379-4A29-8EF7-38E8DE06628D}
		{B4F115DB-8F81-4C88-8118-159FEBDB2A67} = {FFF3D8E5-D06D-4456-AD4D-D7A5FD57162B}
		{8BE35CEE-62F8-4C18-B289-ADBA9FF22106} = {FFF3D8E5-D06D-4456-AD4D-D7A5FD57162B}
		{89BE498C-545F-40CD-BBD5-9E9DDC8251B1} = {10C2F34A-8941-46A1-943D-D629FE4BAD96}
		{EA50DD3E-AB93-43B1-AF71-891CD7D2A4CE} = {89BE498C-545F-40CD-BBD5-9E9DDC8251B1}
		{19CDB5B2-7DA6-4995-9440-CB0CE7445BB2} = {EA50DD3E-AB93-43B1-AF71-891CD7D2A4CE}
		{847604ED-33D4-4640-B0F7-C5D360B3B18F} = {10C2F34A-8941-46A1-943D-D629FE4BAD96}
		{DDFD0BE5-D1AE-4323-A0C1-2135DFB80782} = {847604ED-33D4-4640-B0F7-C5D360B3B18F}
		{76513950-1E1C-410A-8C76-692BF9A49E98} = {DDFD0BE5-D1AE-4323-A0C1-2135DFB80782}
		{22CCFCB8-FD26-4E08-BD81-C23AF218B27D} = {10C2F34A-8941-46A1-943D-D629FE4BAD96}
		{E3B64F44-762A-4B86-A607-1FD8752DB85F} = {22CCFCB8-FD26-4E08-BD81-C23AF218B27D}
		{C37D4863-0278-484B-A484-53F2EE3F32AC} = {E3B64F44-762A-4B86-A607-1FD8752DB85F}
		{01A097EE-99CE-4C40-9A88-877385F1A142} = {6B6338BD-3329-4A95-A616-09623C7EB184}
		{59442713-324D-4061-87F0-FAEEE305665E} = {01A097EE-99CE-4C40-9A88-877385F1A142}
		{DE6B0B7E-B96E-45F7-BDA0-15AC4F5349D4} = {59442713-324D-4061-87F0-FAEEE305665E}
		{057B012A-92A4-46CE-9DBA-AAC197948103} = {DE6B0B7E-B96E-45F7-BDA0-15AC4F5349D4}
		{343A9714-768B-4AEF-AB79-D1BAC73C24C6} = {59442713-324D-4061-87F0-FAEEE305665E}
		{B1792F36-A525-44D4-B758-EA564EAE241E} = {343A9714-768B-4AEF-AB79-D1BAC73C24C6}
		{8E2E5E8E-0224-4565-A232-2BD31BC9130D} = {01A097EE-99CE-4C40-9A88-877385F1A142}
		{71C6B4DE-F723-4F4E-A9F3-812AD953F611} = {8E2E5E8E-0224-4565-A232-2BD31BC9130D}
		{D328A250-791F-437D-8144-079C2BBB6A54} = {71C6B4DE-F723-4F4E-A9F3-812AD953F611}
		{330CFE06-B94A-4ED8-9171-3B3160AD094C} = {71C6B4DE-F723-4F4E-A9F3-812AD953F611}
		{BDC94ED4-26CB-4A89-AB62-FAAE2FE6579B} = {DE6B0B7E-B96E-45F7-BDA0-15AC4F5349D4}
		{4E0B0AD7-B76C-4A89-BAB6-814AF0B6081B} = {856CF73F-305F-4986-A3EA-A484D7BB9CA7}
		{74BAF92E-7FC3-43B7-9478-E0B39FD29248} = {4E0B0AD7-B76C-4A89-BAB6-814AF0B6081B}
		{AB6A443E-5F00-498C-A95C-3C05345A490E} = {74BAF92E-7FC3-43B7-9478-E0B39FD29248}
		{4827B318-FC66-4862-9ED3-E9BBB32E0726} = {856CF73F-305F-4986-A3EA-A484D7BB9CA7}
		{F9D93EE3-DDA3-4B29-81F2-2D1D02F3C7F8} = {4827B318-FC66-4862-9ED3-E9BBB32E0726}
		{41D41586-D750-4CC8-A406-7FB10F87B2F5} = {F9D93EE3-DDA3-4B29-81F2-2D1D02F3C7F8}
		{89608258-7C09-4211-882E-8C496635C5C0} = {4827B318-FC66-4862-9ED3-E9BBB32E0726}
		{F299C88D-1E73-487B-B67B-81B3A5345A44} = {89608258-7C09-4211-882E-8C496635C5C0}
		{BFD2DF71-B631-444D-8A68-B0DEDAB42E6C} = {89608258-7C09-4211-882E-8C496635C5C0}
		{0A8023CE-22FC-4AFF-9FFD-D9A919C9A136} = {856CF73F-305F-4986-A3EA-A484D7BB9CA7}
		{CE2F15B8-314C-4301-8C3D-1979337C8B86} = {0A8023CE-22FC-4AFF-9FFD-D9A919C9A136}
		{57EAD146-E6A1-4D6A-AF15-6E7BC0E570DB} = {CE2F15B8-314C-4301-8C3D-1979337C8B86}
		{CD48D171-56A4-4D73-B05D-F88F98D42D0C} = {9FD67621-4168-4182-ACD0-606B7341BCE2}
		{E1311C57-A70E-4AF7-8418-38F0558F7B78} = {856CF73F-305F-4986-A3EA-A484D7BB9CA7}
		{640BF99C-80A5-46A1-B67E-134AD4B88D23} = {E1311C57-A70E-4AF7-8418-38F0558F7B78}
		{805E760A-24BB-40E3-A9C2-07FFF9CEA9C0} = {640BF99C-80A5-46A1-B67E-134AD4B88D23}
		{8C32FBA3-F7BB-4340-8BA4-BDA040B13A60} = {640BF99C-80A5-46A1-B67E-134AD4B88D23}
		{0EF997B5-8C77-482B-8C7C-1DE7936DFA90} = {5AEE2E8E-2950-4BEE-89F4-0561A2527994}
		{DAF61085-D916-49C2-B2F6-04C61215A5E5} = {0EF997B5-8C77-482B-8C7C-1DE7936DFA90}
		{EAC07324-6075-4087-9A86-F8E389EA3E12} = {DAF61085-D916-49C2-B2F6-04C61215A5E5}
		{4AAD60BB-35A0-480B-B10D-568DA3E15C05} = {0EF997B5-8C77-482B-8C7C-1DE7936DFA90}
		{A09E6217-DFD1-4660-A4FF-2FE0DA1DA400} = {DAF61085-D916-49C2-B2F6-04C61215A5E5}
		{C2890526-90D7-46D3-ACCE-A6450194E412} = {4AAD60BB-35A0-480B-B10D-568DA3E15C05}
		{81BC4505-5FE3-4C12-A8CD-A134BC1BF23A} = {4AAD60BB-35A0-480B-B10D-568DA3E15C05}
		{17DDB0C2-0BD6-4D15-9544-DD320642B769} = {C10480BA-2395-4BED-B13A-B9DF6B331AC4}
		{3348041A-160D-4597-BC02-890B9D70DC6B} = {C10480BA-2395-4BED-B13A-B9DF6B331AC4}
		{0F333831-C7D9-4AA9-A439-E342396CED87} = {01A097EE-99CE-4C40-9A88-877385F1A142}
		{CBE5344A-3652-4FD0-A611-970A8EDBC5F2} = {0F333831-C7D9-4AA9-A439-E342396CED87}
		{1550B564-49FB-4DE7-890C-D509FBEFA8A1} = {CBE5344A-3652-4FD0-A611-970A8EDBC5F2}
		{2941FE50-8433-4EC3-A8D9-22A770C9B6CB} = {C10480BA-2395-4BED-B13A-B9DF6B331AC4}
		{BB72EBE5-0DD0-4ADF-B9C9-7DE92298C169} = {E3B64F44-762A-4B86-A607-1FD8752DB85F}
		{7CD1500D-CFAC-4386-AD51-5F93BDDB3302} = {E3B64F44-762A-4B86-A607-1FD8752DB85F}
		{ABD55E3B-9138-4A02-B905-C26B480546C8} = {E3B64F44-762A-4B86-A607-1FD8752DB85F}
		{C66F8276-6FB0-44A5-9620-CC90B5B9A71E} = {C2D20F10-CAB0-4CCD-B248-A28318C5644F}
		{519B3E1C-C1A4-4593-9FAB-B2DACE500778} = {C2D20F10-CAB0-4CCD-B248-A28318C5644F}
		{9AB0FF12-8DFA-42F2-A93E-6DFC0F344A28} = {C2D20F10-CAB0-4CCD-B248-A28318C5644F}
		{C97B8514-8170-48F7-A67E-C228DFAE1C7F} = {C2D20F10-CAB0-4CCD-B248-A28318C5644F}
		{3F61A974-2B0D-4B8B-9DA8-C046E14D1B94} = {C10480BA-2395-4BED-B13A-B9DF6B331AC4}
		{5BBBA2A5-4D11-4625-BE95-9FEE82E7C176} = {C2D20F10-CAB0-4CCD-B248-A28318C5644F}
		{58D47264-ED09-42AC-A70A-89CD3BD13933} = {C2D20F10-CAB0-4CCD-B248-A28318C5644F}
		{5F170D80-8DFA-446A-849E-40D3D8E2A694} = {F3AA3847-4CC2-4E59-A302-5BC8CC8C9857}
		{69A6E52A-804D-4FC8-AE92-41E9E85A7F01} = {C10480BA-2395-4BED-B13A-B9DF6B331AC4}
		{98344B9B-1538-46AA-BCBF-E23A606B7F60} = {C10480BA-2395-4BED-B13A-B9DF6B331AC4}
		{E18292A2-4EA1-44AA-A3C8-1AFFEA26307C} = {856CF73F-305F-4986-A3EA-A484D7BB9CA7}
		{8EE6542B-8687-4DDB-B4C0-B5DAFA9723C3} = {E18292A2-4EA1-44AA-A3C8-1AFFEA26307C}
		{C018D653-4953-493F-935E-8535352C987D} = {8EE6542B-8687-4DDB-B4C0-B5DAFA9723C3}
		{9EE1BEEF-07E6-43C3-9146-03A74AB71A6C} = {E18292A2-4EA1-44AA-A3C8-1AFFEA26307C}
		{BE3C1D5A-4CD1-4754-9FAE-9AA5278211B8} = {9EE1BEEF-07E6-43C3-9146-03A74AB71A6C}
		{87123603-1191-444E-A09B-F0026D7349F3} = {C10480BA-2395-4BED-B13A-B9DF6B331AC4}
		{798B69F1-4F72-4881-A5FA-99060FFC13C2} = {F3AA3847-4CC2-4E59-A302-5BC8CC8C9857}
	EndGlobalSection
	GlobalSection(ExtensibilityGlobals) = postSolution
		SolutionGuid = {D440E8C8-D7AB-4FA6-A957-B078546AB4BA}
	EndGlobalSection
EndGlobal
